// !$*UTF8*$!
{
	archiveVersion = 1;
	classes = {
	};
	objectVersion = 56;
	objects = {

/* Begin PBXBuildFile section */
		3356E5942A49622D006AAB79 /* AppDelegate.swift in Sources */ = {isa = PBXBuildFile; fileRef = 3356E5932A49622D006AAB79 /* AppDelegate.swift */; };
		3356E5962A49622D006AAB79 /* SceneDelegate.swift in Sources */ = {isa = PBXBuildFile; fileRef = 3356E5952A49622D006AAB79 /* SceneDelegate.swift */; };
		3356E5982A49622D006AAB79 /* ViewController.swift in Sources */ = {isa = PBXBuildFile; fileRef = 3356E5972A49622D006AAB79 /* ViewController.swift */; };
		3356E59B2A49622D006AAB79 /* Main.storyboard in Resources */ = {isa = PBXBuildFile; fileRef = 3356E5992A49622D006AAB79 /* Main.storyboard */; };
		3356E59D2A49622E006AAB79 /* Assets.xcassets in Resources */ = {isa = PBXBuildFile; fileRef = 3356E59C2A49622E006AAB79 /* Assets.xcassets */; };
		3356E5A02A49622E006AAB79 /* LaunchScreen.storyboard in Resources */ = {isa = PBXBuildFile; fileRef = 3356E59E2A49622E006AAB79 /* LaunchScreen.storyboard */; };
		3356E5A92A496252006AAB79 /* Alamofire in Frameworks */ = {isa = PBXBuildFile; productRef = 3356E5A82A496252006AAB79 /* Alamofire */; };
		3356E5AE2A496565006AAB79 /* RequestTodoList.swift in Sources */ = {isa = PBXBuildFile; fileRef = 3356E5AD2A496565006AAB79 /* RequestTodoList.swift */; };
		3356E5B12A498508006AAB79 /* Todo.swift in Sources */ = {isa = PBXBuildFile; fileRef = 3356E5B02A498508006AAB79 /* Todo.swift */; };
/* End PBXBuildFile section */

/* Begin PBXFileReference section */
		3356E5902A49622D006AAB79 /* AlamofireWithConcurrency.app */ = {isa = PBXFileReference; explicitFileType = wrapper.application; includeInIndex = 0; path = AlamofireWithConcurrency.app; sourceTree = BUILT_PRODUCTS_DIR; };
		3356E5932A49622D006AAB79 /* AppDelegate.swift */ = {isa = PBXFileReference; lastKnownFileType = sourcecode.swift; path = AppDelegate.swift; sourceTree = "<group>"; };
		3356E5952A49622D006AAB79 /* SceneDelegate.swift */ = {isa = PBXFileReference; lastKnownFileType = sourcecode.swift; path = SceneDelegate.swift; sourceTree = "<group>"; };
		3356E5972A49622D006AAB79 /* ViewController.swift */ = {isa = PBXFileReference; lastKnownFileType = sourcecode.swift; path = ViewController.swift; sourceTree = "<group>"; };
		3356E59A2A49622D006AAB79 /* Base */ = {isa = PBXFileReference; lastKnownFileType = file.storyboard; name = Base; path = Base.lproj/Main.storyboard; sourceTree = "<group>"; };
		3356E59C2A49622E006AAB79 /* Assets.xcassets */ = {isa = PBXFileReference; lastKnownFileType = folder.assetcatalog; path = Assets.xcassets; sourceTree = "<group>"; };
		3356E59F2A49622E006AAB79 /* Base */ = {isa = PBXFileReference; lastKnownFileType = file.storyboard; name = Base; path = Base.lproj/LaunchScreen.storyboard; sourceTree = "<group>"; };
		3356E5A12A49622E006AAB79 /* Info.plist */ = {isa = PBXFileReference; lastKnownFileType = text.plist.xml; path = Info.plist; sourceTree = "<group>"; };
		3356E5AD2A496565006AAB79 /* RequestTodoList.swift */ = {isa = PBXFileReference; lastKnownFileType = sourcecode.swift; path = RequestTodoList.swift; sourceTree = "<group>"; };
		3356E5B02A498508006AAB79 /* Todo.swift */ = {isa = PBXFileReference; lastKnownFileType = sourcecode.swift; path = Todo.swift; sourceTree = "<group>"; };
/* End PBXFileReference section */

/* Begin PBXFrameworksBuildPhase section */
		3356E58D2A49622D006AAB79 /* Frameworks */ = {
			isa = PBXFrameworksBuildPhase;
			buildActionMask = 2147483647;
			files = (
				3356E5A92A496252006AAB79 /* Alamofire in Frameworks */,
			);
			runOnlyForDeploymentPostprocessing = 0;
		};
/* End PBXFrameworksBuildPhase section */

/* Begin PBXGroup section */
		3356E5872A49622D006AAB79 = {
			isa = PBXGroup;
			children = (
				3356E5922A49622D006AAB79 /* AlamofireWithConcurrency */,
				3356E5912A49622D006AAB79 /* Products */,
			);
			sourceTree = "<group>";
		};
		3356E5912A49622D006AAB79 /* Products */ = {
			isa = PBXGroup;
			children = (
				3356E5902A49622D006AAB79 /* AlamofireWithConcurrency.app */,
			);
			name = Products;
			sourceTree = "<group>";
		};
		3356E5922A49622D006AAB79 /* AlamofireWithConcurrency */ = {
			isa = PBXGroup;
			children = (
				3356E5932A49622D006AAB79 /* AppDelegate.swift */,
				3356E5952A49622D006AAB79 /* SceneDelegate.swift */,
				3356E5AC2A496512006AAB79 /* Models */,
				3356E5AF2A4965F1006AAB79 /* ViewModels */,
				3356E5972A49622D006AAB79 /* ViewController.swift */,
				3356E5992A49622D006AAB79 /* Main.storyboard */,
				3356E59C2A49622E006AAB79 /* Assets.xcassets */,
				3356E59E2A49622E006AAB79 /* LaunchScreen.storyboard */,
				3356E5A12A49622E006AAB79 /* Info.plist */,
			);
			path = AlamofireWithConcurrency;
			sourceTree = "<group>";
		};
		3356E5AC2A496512006AAB79 /* Models */ = {
			isa = PBXGroup;
			children = (
				3356E5B02A498508006AAB79 /* Todo.swift */,
			);
			path = Models;
			sourceTree = "<group>";
		};
		3356E5AF2A4965F1006AAB79 /* ViewModels */ = {
			isa = PBXGroup;
			children = (
				3356E5AD2A496565006AAB79 /* RequestTodoList.swift */,
			);
			path = ViewModels;
			sourceTree = "<group>";
		};
/* End PBXGroup section */

/* Begin PBXNativeTarget section */
		3356E58F2A49622D006AAB79 /* AlamofireWithConcurrency */ = {
			isa = PBXNativeTarget;
			buildConfigurationList = 3356E5A42A49622E006AAB79 /* Build configuration list for PBXNativeTarget "AlamofireWithConcurrency" */;
			buildPhases = (
				3356E58C2A49622D006AAB79 /* Sources */,
				3356E58D2A49622D006AAB79 /* Frameworks */,
				3356E58E2A49622D006AAB79 /* Resources */,
			);
			buildRules = (
			);
			dependencies = (
			);
			name = AlamofireWithConcurrency;
			packageProductDependencies = (
				3356E5A82A496252006AAB79 /* Alamofire */,
			);
			productName = AlamofireWithConcurrency;
			productReference = 3356E5902A49622D006AAB79 /* AlamofireWithConcurrency.app */;
			productType = "com.apple.product-type.application";
		};
/* End PBXNativeTarget section */

/* Begin PBXProject section */
		3356E5882A49622D006AAB79 /* Project object */ = {
			isa = PBXProject;
			attributes = {
				BuildIndependentTargetsInParallel = 1;
				LastSwiftUpdateCheck = 1430;
				LastUpgradeCheck = 1430;
				TargetAttributes = {
					3356E58F2A49622D006AAB79 = {
						CreatedOnToolsVersion = 14.3.1;
					};
				};
			};
			buildConfigurationList = 3356E58B2A49622D006AAB79 /* Build configuration list for PBXProject "AlamofireWithConcurrency" */;
			compatibilityVersion = "Xcode 14.0";
			developmentRegion = en;
			hasScannedForEncodings = 0;
			knownRegions = (
				en,
				Base,
			);
			mainGroup = 3356E5872A49622D006AAB79;
			packageReferences = (
				3356E5A72A496251006AAB79 /* XCRemoteSwiftPackageReference "Alamofire" */,
			);
			productRefGroup = 3356E5912A49622D006AAB79 /* Products */;
			projectDirPath = "";
			projectRoot = "";
			targets = (
				3356E58F2A49622D006AAB79 /* AlamofireWithConcurrency */,
			);
		};
/* End PBXProject section */

/* Begin PBXResourcesBuildPhase section */
		3356E58E2A49622D006AAB79 /* Resources */ = {
			isa = PBXResourcesBuildPhase;
			buildActionMask = 2147483647;
			files = (
				3356E5A02A49622E006AAB79 /* LaunchScreen.storyboard in Resources */,
				3356E59D2A49622E006AAB79 /* Assets.xcassets in Resources */,
				3356E59B2A49622D006AAB79 /* Main.storyboard in Resources */,
			);
			runOnlyForDeploymentPostprocessing = 0;
		};
/* End PBXResourcesBuildPhase section */

/* Begin PBXSourcesBuildPhase section */
		3356E58C2A49622D006AAB79 /* Sources */ = {
			isa = PBXSourcesBuildPhase;
			buildActionMask = 2147483647;
			files = (
				3356E5982A49622D006AAB79 /* ViewController.swift in Sources */,
				3356E5B12A498508006AAB79 /* Todo.swift in Sources */,
				3356E5942A49622D006AAB79 /* AppDelegate.swift in Sources */,
				3356E5962A49622D006AAB79 /* SceneDelegate.swift in Sources */,
				3356E5AE2A496565006AAB79 /* RequestTodoList.swift in Sources */,
			);
			runOnlyForDeploymentPostprocessing = 0;
		};
/* End PBXSourcesBuildPhase section */

/* Begin PBXVariantGroup section */
		3356E5992A49622D006AAB79 /* Main.storyboard */ = {
			isa = PBXVariantGroup;
			children = (
				3356E59A2A49622D006AAB79 /* Base */,
			);
			name = Main.storyboard;
			sourceTree = "<group>";
		};
		3356E59E2A49622E006AAB79 /* LaunchScreen.storyboard */ = {
			isa = PBXVariantGroup;
			children = (
				3356E59F2A49622E006AAB79 /* Base */,
			);
			name = LaunchScreen.storyboard;
			sourceTree = "<group>";
		};
/* End PBXVariantGroup section */

/* Begin XCBuildConfiguration section */
		3356E5A22A49622E006AAB79 /* Debug */ = {
			isa = XCBuildConfiguration;
			buildSettings = {
				ALWAYS_SEARCH_USER_PATHS = NO;
				CLANG_ANALYZER_NONNULL = YES;
				CLANG_ANALYZER_NUMBER_OBJECT_CONVERSION = YES_AGGRESSIVE;
				CLANG_CXX_LANGUAGE_STANDARD = "gnu++20";
				CLANG_ENABLE_MODULES = YES;
				CLANG_ENABLE_OBJC_ARC = YES;
				CLANG_ENABLE_OBJC_WEAK = YES;
				CLANG_WARN_BLOCK_CAPTURE_AUTORELEASING = YES;
				CLANG_WARN_BOOL_CONVERSION = YES;
				CLANG_WARN_COMMA = YES;
				CLANG_WARN_CONSTANT_CONVERSION = YES;
				CLANG_WARN_DEPRECATED_OBJC_IMPLEMENTATIONS = YES;
				CLANG_WARN_DIRECT_OBJC_ISA_USAGE = YES_ERROR;
				CLANG_WARN_DOCUMENTATION_COMMENTS = YES;
				CLANG_WARN_EMPTY_BODY = YES;
				CLANG_WARN_ENUM_CONVERSION = YES;
				CLANG_WARN_INFINITE_RECURSION = YES;
				CLANG_WARN_INT_CONVERSION = YES;
				CLANG_WARN_NON_LITERAL_NULL_CONVERSION = YES;
				CLANG_WARN_OBJC_IMPLICIT_RETAIN_SELF = YES;
				CLANG_WARN_OBJC_LITERAL_CONVERSION = YES;
				CLANG_WARN_OBJC_ROOT_CLASS = YES_ERROR;
				CLANG_WARN_QUOTED_INCLUDE_IN_FRAMEWORK_HEADER = YES;
				CLANG_WARN_RANGE_LOOP_ANALYSIS = YES;
				CLANG_WARN_STRICT_PROTOTYPES = YES;
				CLANG_WARN_SUSPICIOUS_MOVE = YES;
				CLANG_WARN_UNGUARDED_AVAILABILITY = YES_AGGRESSIVE;
				CLANG_WARN_UNREACHABLE_CODE = YES;
				CLANG_WARN__DUPLICATE_METHOD_MATCH = YES;
				COPY_PHASE_STRIP = NO;
				DEBUG_INFORMATION_FORMAT = dwarf;
				ENABLE_STRICT_OBJC_MSGSEND = YES;
				ENABLE_TESTABILITY = YES;
				GCC_C_LANGUAGE_STANDARD = gnu11;
				GCC_DYNAMIC_NO_PIC = NO;
				GCC_NO_COMMON_BLOCKS = YES;
				GCC_OPTIMIZATION_LEVEL = 0;
				GCC_PREPROCESSOR_DEFINITIONS = (
					"DEBUG=1",
					"$(inherited)",
				);
				GCC_WARN_64_TO_32_BIT_CONVERSION = YES;
				GCC_WARN_ABOUT_RETURN_TYPE = YES_ERROR;
				GCC_WARN_UNDECLARED_SELECTOR = YES;
				GCC_WARN_UNINITIALIZED_AUTOS = YES_AGGRESSIVE;
				GCC_WARN_UNUSED_FUNCTION = YES;
				GCC_WARN_UNUSED_VARIABLE = YES;
				IPHONEOS_DEPLOYMENT_TARGET = 16.4;
				MTL_ENABLE_DEBUG_INFO = INCLUDE_SOURCE;
				MTL_FAST_MATH = YES;
				ONLY_ACTIVE_ARCH = YES;
				SDKROOT = iphoneos;
				SWIFT_ACTIVE_COMPILATION_CONDITIONS = DEBUG;
				SWIFT_OPTIMIZATION_LEVEL = "-Onone";
			};
			name = Debug;
		};
		3356E5A32A49622E006AAB79 /* Release */ = {
			isa = XCBuildConfiguration;
			buildSettings = {
				ALWAYS_SEARCH_USER_PATHS = NO;
				CLANG_ANALYZER_NONNULL = YES;
				CLANG_ANALYZER_NUMBER_OBJECT_CONVERSION = YES_AGGRESSIVE;
				CLANG_CXX_LANGUAGE_STANDARD = "gnu++20";
				CLANG_ENABLE_MODULES = YES;
				CLANG_ENABLE_OBJC_ARC = YES;
				CLANG_ENABLE_OBJC_WEAK = YES;
				CLANG_WARN_BLOCK_CAPTURE_AUTORELEASING = YES;
				CLANG_WARN_BOOL_CONVERSION = YES;
				CLANG_WARN_COMMA = YES;
				CLANG_WARN_CONSTANT_CONVERSION = YES;
				CLANG_WARN_DEPRECATED_OBJC_IMPLEMENTATIONS = YES;
				CLANG_WARN_DIRECT_OBJC_ISA_USAGE = YES_ERROR;
				CLANG_WARN_DOCUMENTATION_COMMENTS = YES;
				CLANG_WARN_EMPTY_BODY = YES;
				CLANG_WARN_ENUM_CONVERSION = YES;
				CLANG_WARN_INFINITE_RECURSION = YES;
				CLANG_WARN_INT_CONVERSION = YES;
				CLANG_WARN_NON_LITERAL_NULL_CONVERSION = YES;
				CLANG_WARN_OBJC_IMPLICIT_RETAIN_SELF = YES;
				CLANG_WARN_OBJC_LITERAL_CONVERSION = YES;
				CLANG_WARN_OBJC_ROOT_CLASS = YES_ERROR;
				CLANG_WARN_QUOTED_INCLUDE_IN_FRAMEWORK_HEADER = YES;
				CLANG_WARN_RANGE_LOOP_ANALYSIS = YES;
				CLANG_WARN_STRICT_PROTOTYPES = YES;
				CLANG_WARN_SUSPICIOUS_MOVE = YES;
				CLANG_WARN_UNGUARDED_AVAILABILITY = YES_AGGRESSIVE;
				CLANG_WARN_UNREACHABLE_CODE = YES;
				CLANG_WARN__DUPLICATE_METHOD_MATCH = YES;
				COPY_PHASE_STRIP = NO;
				DEBUG_INFORMATION_FORMAT = "dwarf-with-dsym";
				ENABLE_NS_ASSERTIONS = NO;
				ENABLE_STRICT_OBJC_MSGSEND = YES;
				GCC_C_LANGUAGE_STANDARD = gnu11;
				GCC_NO_COMMON_BLOCKS = YES;
				GCC_WARN_64_TO_32_BIT_CONVERSION = YES;
				GCC_WARN_ABOUT_RETURN_TYPE = YES_ERROR;
				GCC_WARN_UNDECLARED_SELECTOR = YES;
				GCC_WARN_UNINITIALIZED_AUTOS = YES_AGGRESSIVE;
				GCC_WARN_UNUSED_FUNCTION = YES;
				GCC_WARN_UNUSED_VARIABLE = YES;
				IPHONEOS_DEPLOYMENT_TARGET = 16.4;
				MTL_ENABLE_DEBUG_INFO = NO;
				MTL_FAST_MATH = YES;
				SDKROOT = iphoneos;
				SWIFT_COMPILATION_MODE = wholemodule;
				SWIFT_OPTIMIZATION_LEVEL = "-O";
				VALIDATE_PRODUCT = YES;
			};
			name = Release;
		};
		3356E5A52A49622E006AAB79 /* Debug */ = {
			isa = XCBuildConfiguration;
			buildSettings = {
				ASSETCATALOG_COMPILER_APPICON_NAME = AppIcon;
				ASSETCATALOG_COMPILER_GLOBAL_ACCENT_COLOR_NAME = AccentColor;
				CODE_SIGN_STYLE = Automatic;
				CURRENT_PROJECT_VERSION = 1;
				DEVELOPMENT_TEAM = HJ943JVKX7;
				GENERATE_INFOPLIST_FILE = YES;
				INFOPLIST_FILE = AlamofireWithConcurrency/Info.plist;
				INFOPLIST_KEY_UIApplicationSupportsIndirectInputEvents = YES;
				INFOPLIST_KEY_UILaunchStoryboardName = LaunchScreen;
				INFOPLIST_KEY_UIMainStoryboardFile = Main;
				INFOPLIST_KEY_UISupportedInterfaceOrientations_iPad = "UIInterfaceOrientationPortrait UIInterfaceOrientationPortraitUpsideDown UIInterfaceOrientationLandscapeLeft UIInterfaceOrientationLandscapeRight";
				INFOPLIST_KEY_UISupportedInterfaceOrientations_iPhone = "UIInterfaceOrientationPortrait UIInterfaceOrientationLandscapeLeft UIInterfaceOrientationLandscapeRight";
				LD_RUNPATH_SEARCH_PATHS = (
					"$(inherited)",
					"@executable_path/Frameworks",
				);
				MARKETING_VERSION = 1.0;
				PRODUCT_BUNDLE_IDENTIFIER = oasis444.AlamofireWithConcurrency;
				PRODUCT_NAME = "$(TARGET_NAME)";
				SUPPORTED_PLATFORMS = "iphoneos iphonesimulator";
				SUPPORTS_MACCATALYST = NO;
				SUPPORTS_MAC_DESIGNED_FOR_IPHONE_IPAD = NO;
				SWIFT_EMIT_LOC_STRINGS = YES;
				SWIFT_VERSION = 5.0;
				TARGETED_DEVICE_FAMILY = "1,2";
			};
			name = Debug;
		};
		3356E5A62A49622E006AAB79 /* Release */ = {
			isa = XCBuildConfiguration;
			buildSettings = {
				ASSETCATALOG_COMPILER_APPICON_NAME = AppIcon;
				ASSETCATALOG_COMPILER_GLOBAL_ACCENT_COLOR_NAME = AccentColor;
				CODE_SIGN_STYLE = Automatic;
				CURRENT_PROJECT_VERSION = 1;
				DEVELOPMENT_TEAM = HJ943JVKX7;
				GENERATE_INFOPLIST_FILE = YES;
				INFOPLIST_FILE = AlamofireWithConcurrency/Info.plist;
				INFOPLIST_KEY_UIApplicationSupportsIndirectInputEvents = YES;
				INFOPLIST_KEY_UILaunchStoryboardName = LaunchScreen;
				INFOPLIST_KEY_UIMainStoryboardFile = Main;
				INFOPLIST_KEY_UISupportedInterfaceOrientations_iPad = "UIInterfaceOrientationPortrait UIInterfaceOrientationPortraitUpsideDown UIInterfaceOrientationLandscapeLeft UIInterfaceOrientationLandscapeRight";
				INFOPLIST_KEY_UISupportedInterfaceOrientations_iPhone = "UIInterfaceOrientationPortrait UIInterfaceOrientationLandscapeLeft UIInterfaceOrientationLandscapeRight";
				LD_RUNPATH_SEARCH_PATHS = (
					"$(inherited)",
					"@executable_path/Frameworks",
				);
				MARKETING_VERSION = 1.0;
				PRODUCT_BUNDLE_IDENTIFIER = oasis444.AlamofireWithConcurrency;
				PRODUCT_NAME = "$(TARGET_NAME)";
				SUPPORTED_PLATFORMS = "iphoneos iphonesimulator";
				SUPPORTS_MACCATALYST = NO;
				SUPPORTS_MAC_DESIGNED_FOR_IPHONE_IPAD = NO;
				SWIFT_EMIT_LOC_STRINGS = YES;
				SWIFT_VERSION = 5.0;
				TARGETED_DEVICE_FAMILY = "1,2";
			};
			name = Release;
		};
/* End XCBuildConfiguration section */

/* Begin XCConfigurationList section */
		3356E58B2A49622D006AAB79 /* Build configuration list for PBXProject "AlamofireWithConcurrency" */ = {
			isa = XCConfigurationList;
			buildConfigurations = (
				3356E5A22A49622E006AAB79 /* Debug */,
				3356E5A32A49622E006AAB79 /* Release */,
			);
			defaultConfigurationIsVisible = 0;
			defaultConfigurationName = Release;
		};
		3356E5A42A49622E006AAB79 /* Build configuration list for PBXNativeTarget "AlamofireWithConcurrency" */ = {
			isa = XCConfigurationList;
			buildConfigurations = (
				3356E5A52A49622E006AAB79 /* Debug */,
				3356E5A62A49622E006AAB79 /* Release */,
			);
			defaultConfigurationIsVisible = 0;
			defaultConfigurationName = Release;
		};
/* End XCConfigurationList section */

/* Begin XCRemoteSwiftPackageReference section */
		3356E5A72A496251006AAB79 /* XCRemoteSwiftPackageReference "Alamofire" */ = {
			isa = XCRemoteSwiftPackageReference;
			repositoryURL = "https://github.com/Alamofire/Alamofire";
			requirement = {
				kind = upToNextMajorVersion;
				minimumVersion = 5.0.0;
			};
		};
/* End XCRemoteSwiftPackageReference section */

/* Begin XCSwiftPackageProductDependency section */
		3356E5A82A496252006AAB79 /* Alamofire */ = {
			isa = XCSwiftPackageProductDependency;
			package = 3356E5A72A496251006AAB79 /* XCRemoteSwiftPackageReference "Alamofire" */;
			productName = Alamofire;
		};
/* End XCSwiftPackageProductDependency section */
	};
	rootObject = 3356E5882A49622D006AAB79 /* Project object */;
}
